// !$*UTF8*$!
{
	archiveVersion = 1;
	classes = {
	};
	objectVersion = 50;
	objects = {

/* Begin PBXBuildFile section */
		9CBE454624E7D3AB00B8311F /* AppDelegate.swift in Sources */ = {isa = PBXBuildFile; fileRef = 9CBE454524E7D3AB00B8311F /* AppDelegate.swift */; };
		9CBE454824E7D3AB00B8311F /* SceneDelegate.swift in Sources */ = {isa = PBXBuildFile; fileRef = 9CBE454724E7D3AB00B8311F /* SceneDelegate.swift */; };
		9CBE454A24E7D3AB00B8311F /* ViewController.swift in Sources */ = {isa = PBXBuildFile; fileRef = 9CBE454924E7D3AB00B8311F /* ViewController.swift */; };
		9CBE454D24E7D3AB00B8311F /* Main.storyboard in Resources */ = {isa = PBXBuildFile; fileRef = 9CBE454B24E7D3AB00B8311F /* Main.storyboard */; };
		9CBE454F24E7D3B100B8311F /* Assets.xcassets in Resources */ = {isa = PBXBuildFile; fileRef = 9CBE454E24E7D3B100B8311F /* Assets.xcassets */; };
		9CBE455224E7D3B100B8311F /* LaunchScreen.storyboard in Resources */ = {isa = PBXBuildFile; fileRef = 9CBE455024E7D3B100B8311F /* LaunchScreen.storyboard */; };
		9CBE455D24E7D3B200B8311F /* ProtocolBasicApp1Tests.swift in Sources */ = {isa = PBXBuildFile; fileRef = 9CBE455C24E7D3B200B8311F /* ProtocolBasicApp1Tests.swift */; };
		9CBE456824E7D3B200B8311F /* ProtocolBasicApp1UITests.swift in Sources */ = {isa = PBXBuildFile; fileRef = 9CBE456724E7D3B200B8311F /* ProtocolBasicApp1UITests.swift */; };
		9CBE457624E7D44600B8311F /* NextViewController.swift in Sources */ = {isa = PBXBuildFile; fileRef = 9CBE457524E7D44600B8311F /* NextViewController.swift */; };
/* End PBXBuildFile section */

/* Begin PBXContainerItemProxy section */
		9CBE455924E7D3B200B8311F /* PBXContainerItemProxy */ = {
			isa = PBXContainerItemProxy;
			containerPortal = 9CBE453A24E7D3AA00B8311F /* Project object */;
			proxyType = 1;
			remoteGlobalIDString = 9CBE454124E7D3AB00B8311F;
			remoteInfo = ProtocolBasicApp1;
		};
		9CBE456424E7D3B200B8311F /* PBXContainerItemProxy */ = {
			isa = PBXContainerItemProxy;
			containerPortal = 9CBE453A24E7D3AA00B8311F /* Project object */;
			proxyType = 1;
			remoteGlobalIDString = 9CBE454124E7D3AB00B8311F;
			remoteInfo = ProtocolBasicApp1;
		};
/* End PBXContainerItemProxy section */

/* Begin PBXFileReference section */
		9CBE454224E7D3AB00B8311F /* ProtocolBasicApp1.app */ = {isa = PBXFileReference; explicitFileType = wrapper.application; includeInIndex = 0; path = ProtocolBasicApp1.app; sourceTree = BUILT_PRODUCTS_DIR; };
		9CBE454524E7D3AB00B8311F /* AppDelegate.swift */ = {isa = PBXFileReference; lastKnownFileType = sourcecode.swift; path = AppDelegate.swift; sourceTree = "<group>"; };
		9CBE454724E7D3AB00B8311F /* SceneDelegate.swift */ = {isa = PBXFileReference; lastKnownFileType = sourcecode.swift; path = SceneDelegate.swift; sourceTree = "<group>"; };
		9CBE454924E7D3AB00B8311F /* ViewController.swift */ = {isa = PBXFileReference; lastKnownFileType = sourcecode.swift; path = ViewController.swift; sourceTree = "<group>"; };
		9CBE454C24E7D3AB00B8311F /* Base */ = {isa = PBXFileReference; lastKnownFileType = file.storyboard; name = Base; path = Base.lproj/Main.storyboard; sourceTree = "<group>"; };
		9CBE454E24E7D3B100B8311F /* Assets.xcassets */ = {isa = PBXFileReference; lastKnownFileType = folder.assetcatalog; path = Assets.xcassets; sourceTree = "<group>"; };
		9CBE455124E7D3B100B8311F /* Base */ = {isa = PBXFileReference; lastKnownFileType = file.storyboard; name = Base; path = Base.lproj/LaunchScreen.storyboard; sourceTree = "<group>"; };
		9CBE455324E7D3B100B8311F /* Info.plist */ = {isa = PBXFileReference; lastKnownFileType = text.plist.xml; path = Info.plist; sourceTree = "<group>"; };
		9CBE455824E7D3B200B8311F /* ProtocolBasicApp1Tests.xctest */ = {isa = PBXFileReference; explicitFileType = wrapper.cfbundle; includeInIndex = 0; path = ProtocolBasicApp1Tests.xctest; sourceTree = BUILT_PRODUCTS_DIR; };
		9CBE455C24E7D3B200B8311F /* ProtocolBasicApp1Tests.swift */ = {isa = PBXFileReference; lastKnownFileType = sourcecode.swift; path = ProtocolBasicApp1Tests.swift; sourceTree = "<group>"; };
		9CBE455E24E7D3B200B8311F /* Info.plist */ = {isa = PBXFileReference; lastKnownFileType = text.plist.xml; path = Info.plist; sourceTree = "<group>"; };
		9CBE456324E7D3B200B8311F /* ProtocolBasicApp1UITests.xctest */ = {isa = PBXFileReference; explicitFileType = wrapper.cfbundle; includeInIndex = 0; path = ProtocolBasicApp1UITests.xctest; sourceTree = BUILT_PRODUCTS_DIR; };
		9CBE456724E7D3B200B8311F /* ProtocolBasicApp1UITests.swift */ = {isa = PBXFileReference; lastKnownFileType = sourcecode.swift; path = ProtocolBasicApp1UITests.swift; sourceTree = "<group>"; };
		9CBE456924E7D3B200B8311F /* Info.plist */ = {isa = PBXFileReference; lastKnownFileType = text.plist.xml; path = Info.plist; sourceTree = "<group>"; };
		9CBE457524E7D44600B8311F /* NextViewController.swift */ = {isa = PBXFileReference; lastKnownFileType = sourcecode.swift; path = NextViewController.swift; sourceTree = "<group>"; };
/* End PBXFileReference section */

/* Begin PBXFrameworksBuildPhase section */
		9CBE453F24E7D3AB00B8311F /* Frameworks */ = {
			isa = PBXFrameworksBuildPhase;
			buildActionMask = 2147483647;
			files = (
			);
			runOnlyForDeploymentPostprocessing = 0;
		};
		9CBE455524E7D3B200B8311F /* Frameworks */ = {
			isa = PBXFrameworksBuildPhase;
			buildActionMask = 2147483647;
			files = (
			);
			runOnlyForDeploymentPostprocessing = 0;
		};
		9CBE456024E7D3B200B8311F /* Frameworks */ = {
			isa = PBXFrameworksBuildPhase;
			buildActionMask = 2147483647;
			files = (
			);
			runOnlyForDeploymentPostprocessing = 0;
		};
/* End PBXFrameworksBuildPhase section */

/* Begin PBXGroup section */
		9CBE453924E7D3AA00B8311F = {
			isa = PBXGroup;
			children = (
				9CBE454424E7D3AB00B8311F /* ProtocolBasicApp1 */,
				9CBE455B24E7D3B200B8311F /* ProtocolBasicApp1Tests */,
				9CBE456624E7D3B200B8311F /* ProtocolBasicApp1UITests */,
				9CBE454324E7D3AB00B8311F /* Products */,
			);
			sourceTree = "<group>";
		};
		9CBE454324E7D3AB00B8311F /* Products */ = {
			isa = PBXGroup;
			children = (
				9CBE454224E7D3AB00B8311F /* ProtocolBasicApp1.app */,
				9CBE455824E7D3B200B8311F /* ProtocolBasicApp1Tests.xctest */,
				9CBE456324E7D3B200B8311F /* ProtocolBasicApp1UITests.xctest */,
			);
			name = Products;
			sourceTree = "<group>";
		};
		9CBE454424E7D3AB00B8311F /* ProtocolBasicApp1 */ = {
			isa = PBXGroup;
			children = (
				9CBE454524E7D3AB00B8311F /* AppDelegate.swift */,
				9CBE454724E7D3AB00B8311F /* SceneDelegate.swift */,
				9CBE454924E7D3AB00B8311F /* ViewController.swift */,
				9CBE454B24E7D3AB00B8311F /* Main.storyboard */,
				9CBE457524E7D44600B8311F /* NextViewController.swift */,
				9CBE454E24E7D3B100B8311F /* Assets.xcassets */,
				9CBE455024E7D3B100B8311F /* LaunchScreen.storyboard */,
				9CBE455324E7D3B100B8311F /* Info.plist */,
			);
			path = ProtocolBasicApp1;
			sourceTree = "<group>";
		};
		9CBE455B24E7D3B200B8311F /* ProtocolBasicApp1Tests */ = {
			isa = PBXGroup;
			children = (
				9CBE455C24E7D3B200B8311F /* ProtocolBasicApp1Tests.swift */,
				9CBE455E24E7D3B200B8311F /* Info.plist */,
			);
			path = ProtocolBasicApp1Tests;
			sourceTree = "<group>";
		};
		9CBE456624E7D3B200B8311F /* ProtocolBasicApp1UITests */ = {
			isa = PBXGroup;
			children = (
				9CBE456724E7D3B200B8311F /* ProtocolBasicApp1UITests.swift */,
				9CBE456924E7D3B200B8311F /* Info.plist */,
			);
			path = ProtocolBasicApp1UITests;
			sourceTree = "<group>";
		};
/* End PBXGroup section */

/* Begin PBXNativeTarget section */
		9CBE454124E7D3AB00B8311F /* ProtocolBasicApp1 */ = {
			isa = PBXNativeTarget;
			buildConfigurationList = 9CBE456C24E7D3B200B8311F /* Build configuration list for PBXNativeTarget "ProtocolBasicApp1" */;
			buildPhases = (
				9CBE453E24E7D3AB00B8311F /* Sources */,
				9CBE453F24E7D3AB00B8311F /* Frameworks */,
				9CBE454024E7D3AB00B8311F /* Resources */,
			);
			buildRules = (
			);
			dependencies = (
			);
			name = ProtocolBasicApp1;
			productName = ProtocolBasicApp1;
			productReference = 9CBE454224E7D3AB00B8311F /* ProtocolBasicApp1.app */;
			productType = "com.apple.product-type.application";
		};
		9CBE455724E7D3B200B8311F /* ProtocolBasicApp1Tests */ = {
			isa = PBXNativeTarget;
			buildConfigurationList = 9CBE456F24E7D3B200B8311F /* Build configuration list for PBXNativeTarget "ProtocolBasicApp1Tests" */;
			buildPhases = (
				9CBE455424E7D3B200B8311F /* Sources */,
				9CBE455524E7D3B200B8311F /* Frameworks */,
				9CBE455624E7D3B200B8311F /* Resources */,
			);
			buildRules = (
			);
			dependencies = (
				9CBE455A24E7D3B200B8311F /* PBXTargetDependency */,
			);
			name = ProtocolBasicApp1Tests;
			productName = ProtocolBasicApp1Tests;
			productReference = 9CBE455824E7D3B200B8311F /* ProtocolBasicApp1Tests.xctest */;
			productType = "com.apple.product-type.bundle.unit-test";
		};
		9CBE456224E7D3B200B8311F /* ProtocolBasicApp1UITests */ = {
			isa = PBXNativeTarget;
			buildConfigurationList = 9CBE457224E7D3B200B8311F /* Build configuration list for PBXNativeTarget "ProtocolBasicApp1UITests" */;
			buildPhases = (
				9CBE455F24E7D3B200B8311F /* Sources */,
				9CBE456024E7D3B200B8311F /* Frameworks */,
				9CBE456124E7D3B200B8311F /* Resources */,
			);
			buildRules = (
			);
			dependencies = (
				9CBE456524E7D3B200B8311F /* PBXTargetDependency */,
			);
			name = ProtocolBasicApp1UITests;
			productName = ProtocolBasicApp1UITests;
			productReference = 9CBE456324E7D3B200B8311F /* ProtocolBasicApp1UITests.xctest */;
			productType = "com.apple.product-type.bundle.ui-testing";
		};
/* End PBXNativeTarget section */

/* Begin PBXProject section */
		9CBE453A24E7D3AA00B8311F /* Project object */ = {
			isa = PBXProject;
			attributes = {
				LastSwiftUpdateCheck = 1160;
				LastUpgradeCheck = 1160;
				ORGANIZATIONNAME = "松島優希";
				TargetAttributes = {
					9CBE454124E7D3AB00B8311F = {
						CreatedOnToolsVersion = 11.6;
					};
					9CBE455724E7D3B200B8311F = {
						CreatedOnToolsVersion = 11.6;
						TestTargetID = 9CBE454124E7D3AB00B8311F;
					};
					9CBE456224E7D3B200B8311F = {
						CreatedOnToolsVersion = 11.6;
						TestTargetID = 9CBE454124E7D3AB00B8311F;
					};
				};
			};
			buildConfigurationList = 9CBE453D24E7D3AA00B8311F /* Build configuration list for PBXProject "ProtocolBasicApp1" */;
			compatibilityVersion = "Xcode 9.3";
			developmentRegion = en;
			hasScannedForEncodings = 0;
			knownRegions = (
				en,
				Base,
			);
			mainGroup = 9CBE453924E7D3AA00B8311F;
			productRefGroup = 9CBE454324E7D3AB00B8311F /* Products */;
			projectDirPath = "";
			projectRoot = "";
			targets = (
				9CBE454124E7D3AB00B8311F /* ProtocolBasicApp1 */,
				9CBE455724E7D3B200B8311F /* ProtocolBasicApp1Tests */,
				9CBE456224E7D3B200B8311F /* ProtocolBasicApp1UITests */,
			);
		};
/* End PBXProject section */

/* Begin PBXResourcesBuildPhase section */
		9CBE454024E7D3AB00B8311F /* Resources */ = {
			isa = PBXResourcesBuildPhase;
			buildActionMask = 2147483647;
			files = (
				9CBE455224E7D3B100B8311F /* LaunchScreen.storyboard in Resources */,
				9CBE454F24E7D3B100B8311F /* Assets.xcassets in Resources */,
				9CBE454D24E7D3AB00B8311F /* Main.storyboard in Resources */,
			);
			runOnlyForDeploymentPostprocessing = 0;
		};
		9CBE455624E7D3B200B8311F /* Resources */ = {
			isa = PBXResourcesBuildPhase;
			buildActionMask = 2147483647;
			files = (
			);
			runOnlyForDeploymentPostprocessing = 0;
		};
		9CBE456124E7D3B200B8311F /* Resources */ = {
			isa = PBXResourcesBuildPhase;
			buildActionMask = 2147483647;
			files = (
			);
			runOnlyForDeploymentPostprocessing = 0;
		};
/* End PBXResourcesBuildPhase section */

/* Begin PBXSourcesBuildPhase section */
		9CBE453E24E7D3AB00B8311F /* Sources */ = {
			isa = PBXSourcesBuildPhase;
			buildActionMask = 2147483647;
			files = (
				9CBE454A24E7D3AB00B8311F /* ViewController.swift in Sources */,
				9CBE457624E7D44600B8311F /* NextViewController.swift in Sources */,
				9CBE454624E7D3AB00B8311F /* AppDelegate.swift in Sources */,
				9CBE454824E7D3AB00B8311F /* SceneDelegate.swift in Sources */,
			);
			runOnlyForDeploymentPostprocessing = 0;
		};
		9CBE455424E7D3B200B8311F /* Sources */ = {
			isa = PBXSourcesBuildPhase;
			buildActionMask = 2147483647;
			files = (
				9CBE455D24E7D3B200B8311F /* ProtocolBasicApp1Tests.swift in Sources */,
			);
			runOnlyForDeploymentPostprocessing = 0;
		};
		9CBE455F24E7D3B200B8311F /* Sources */ = {
			isa = PBXSourcesBuildPhase;
			buildActionMask = 2147483647;
			files = (
				9CBE456824E7D3B200B8311F /* ProtocolBasicApp1UITests.swift in Sources */,
			);
			runOnlyForDeploymentPostprocessing = 0;
		};
/* End PBXSourcesBuildPhase section */

/* Begin PBXTargetDependency section */
		9CBE455A24E7D3B200B8311F /* PBXTargetDependency */ = {
			isa = PBXTargetDependency;
			target = 9CBE454124E7D3AB00B8311F /* ProtocolBasicApp1 */;
			targetProxy = 9CBE455924E7D3B200B8311F /* PBXContainerItemProxy */;
		};
		9CBE456524E7D3B200B8311F /* PBXTargetDependency */ = {
			isa = PBXTargetDependency;
			target = 9CBE454124E7D3AB00B8311F /* ProtocolBasicApp1 */;
			targetProxy = 9CBE456424E7D3B200B8311F /* PBXContainerItemProxy */;
		};
/* End PBXTargetDependency section */

/* Begin PBXVariantGroup section */
		9CBE454B24E7D3AB00B8311F /* Main.storyboard */ = {
			isa = PBXVariantGroup;
			children = (
				9CBE454C24E7D3AB00B8311F /* Base */,
			);
			name = Main.storyboard;
			sourceTree = "<group>";
		};
		9CBE455024E7D3B100B8311F /* LaunchScreen.storyboard */ = {
			isa = PBXVariantGroup;
			children = (
				9CBE455124E7D3B100B8311F /* Base */,
			);
			name = LaunchScreen.storyboard;
			sourceTree = "<group>";
		};
/* End PBXVariantGroup section */

/* Begin XCBuildConfiguration section */
		9CBE456A24E7D3B200B8311F /* Debug */ = {
			isa = XCBuildConfiguration;
			buildSettings = {
				ALWAYS_SEARCH_USER_PATHS = NO;
				CLANG_ANALYZER_NONNULL = YES;
				CLANG_ANALYZER_NUMBER_OBJECT_CONVERSION = YES_AGGRESSIVE;
				CLANG_CXX_LANGUAGE_STANDARD = "gnu++14";
				CLANG_CXX_LIBRARY = "libc++";
				CLANG_ENABLE_MODULES = YES;
				CLANG_ENABLE_OBJC_ARC = YES;
				CLANG_ENABLE_OBJC_WEAK = YES;
				CLANG_WARN_BLOCK_CAPTURE_AUTORELEASING = YES;
				CLANG_WARN_BOOL_CONVERSION = YES;
				CLANG_WARN_COMMA = YES;
				CLANG_WARN_CONSTANT_CONVERSION = YES;
				CLANG_WARN_DEPRECATED_OBJC_IMPLEMENTATIONS = YES;
				CLANG_WARN_DIRECT_OBJC_ISA_USAGE = YES_ERROR;
				CLANG_WARN_DOCUMENTATION_COMMENTS = YES;
				CLANG_WARN_EMPTY_BODY = YES;
				CLANG_WARN_ENUM_CONVERSION = YES;
				CLANG_WARN_INFINITE_RECURSION = YES;
				CLANG_WARN_INT_CONVERSION = YES;
				CLANG_WARN_NON_LITERAL_NULL_CONVERSION = YES;
				CLANG_WARN_OBJC_IMPLICIT_RETAIN_SELF = YES;
				CLANG_WARN_OBJC_LITERAL_CONVERSION = YES;
				CLANG_WARN_OBJC_ROOT_CLASS = YES_ERROR;
				CLANG_WARN_RANGE_LOOP_ANALYSIS = YES;
				CLANG_WARN_STRICT_PROTOTYPES = YES;
				CLANG_WARN_SUSPICIOUS_MOVE = YES;
				CLANG_WARN_UNGUARDED_AVAILABILITY = YES_AGGRESSIVE;
				CLANG_WARN_UNREACHABLE_CODE = YES;
				CLANG_WARN__DUPLICATE_METHOD_MATCH = YES;
				COPY_PHASE_STRIP = NO;
				DEBUG_INFORMATION_FORMAT = dwarf;
				ENABLE_STRICT_OBJC_MSGSEND = YES;
				ENABLE_TESTABILITY = YES;
				GCC_C_LANGUAGE_STANDARD = gnu11;
				GCC_DYNAMIC_NO_PIC = NO;
				GCC_NO_COMMON_BLOCKS = YES;
				GCC_OPTIMIZATION_LEVEL = 0;
				GCC_PREPROCESSOR_DEFINITIONS = (
					"DEBUG=1",
					"$(inherited)",
				);
				GCC_WARN_64_TO_32_BIT_CONVERSION = YES;
				GCC_WARN_ABOUT_RETURN_TYPE = YES_ERROR;
				GCC_WARN_UNDECLARED_SELECTOR = YES;
				GCC_WARN_UNINITIALIZED_AUTOS = YES_AGGRESSIVE;
				GCC_WARN_UNUSED_FUNCTION = YES;
				GCC_WARN_UNUSED_VARIABLE = YES;
				IPHONEOS_DEPLOYMENT_TARGET = 13.6;
				MTL_ENABLE_DEBUG_INFO = INCLUDE_SOURCE;
				MTL_FAST_MATH = YES;
				ONLY_ACTIVE_ARCH = YES;
				SDKROOT = iphoneos;
				SWIFT_ACTIVE_COMPILATION_CONDITIONS = DEBUG;
				SWIFT_OPTIMIZATION_LEVEL = "-Onone";
			};
			name = Debug;
		};
		9CBE456B24E7D3B200B8311F /* Release */ = {
			isa = XCBuildConfiguration;
			buildSettings = {
				ALWAYS_SEARCH_USER_PATHS = NO;
				CLANG_ANALYZER_NONNULL = YES;
				CLANG_ANALYZER_NUMBER_OBJECT_CONVERSION = YES_AGGRESSIVE;
				CLANG_CXX_LANGUAGE_STANDARD = "gnu++14";
				CLANG_CXX_LIBRARY = "libc++";
				CLANG_ENABLE_MODULES = YES;
				CLANG_ENABLE_OBJC_ARC = YES;
				CLANG_ENABLE_OBJC_WEAK = YES;
				CLANG_WARN_BLOCK_CAPTURE_AUTORELEASING = YES;
				CLANG_WARN_BOOL_CONVERSION = YES;
				CLANG_WARN_COMMA = YES;
				CLANG_WARN_CONSTANT_CONVERSION = YES;
				CLANG_WARN_DEPRECATED_OBJC_IMPLEMENTATIONS = YES;
				CLANG_WARN_DIRECT_OBJC_ISA_USAGE = YES_ERROR;
				CLANG_WARN_DOCUMENTATION_COMMENTS = YES;
				CLANG_WARN_EMPTY_BODY = YES;
				CLANG_WARN_ENUM_CONVERSION = YES;
				CLANG_WARN_INFINITE_RECURSION = YES;
				CLANG_WARN_INT_CONVERSION = YES;
				CLANG_WARN_NON_LITERAL_NULL_CONVERSION = YES;
				CLANG_WARN_OBJC_IMPLICIT_RETAIN_SELF = YES;
				CLANG_WARN_OBJC_LITERAL_CONVERSION = YES;
				CLANG_WARN_OBJC_ROOT_CLASS = YES_ERROR;
				CLANG_WARN_RANGE_LOOP_ANALYSIS = YES;
				CLANG_WARN_STRICT_PROTOTYPES = YES;
				CLANG_WARN_SUSPICIOUS_MOVE = YES;
				CLANG_WARN_UNGUARDED_AVAILABILITY = YES_AGGRESSIVE;
				CLANG_WARN_UNREACHABLE_CODE = YES;
				CLANG_WARN__DUPLICATE_METHOD_MATCH = YES;
				COPY_PHASE_STRIP = NO;
				DEBUG_INFORMATION_FORMAT = "dwarf-with-dsym";
				ENABLE_NS_ASSERTIONS = NO;
				ENABLE_STRICT_OBJC_MSGSEND = YES;
				GCC_C_LANGUAGE_STANDARD = gnu11;
				GCC_NO_COMMON_BLOCKS = YES;
				GCC_WARN_64_TO_32_BIT_CONVERSION = YES;
				GCC_WARN_ABOUT_RETURN_TYPE = YES_ERROR;
				GCC_WARN_UNDECLARED_SELECTOR = YES;
				GCC_WARN_UNINITIALIZED_AUTOS = YES_AGGRESSIVE;
				GCC_WARN_UNUSED_FUNCTION = YES;
				GCC_WARN_UNUSED_VARIABLE = YES;
				IPHONEOS_DEPLOYMENT_TARGET = 13.6;
				MTL_ENABLE_DEBUG_INFO = NO;
				MTL_FAST_MATH = YES;
				SDKROOT = iphoneos;
				SWIFT_COMPILATION_MODE = wholemodule;
				SWIFT_OPTIMIZATION_LEVEL = "-O";
				VALIDATE_PRODUCT = YES;
			};
			name = Release;
		};
		9CBE456D24E7D3B200B8311F /* Debug */ = {
			isa = XCBuildConfiguration;
			buildSettings = {
				ASSETCATALOG_COMPILER_APPICON_NAME = AppIcon;
				CODE_SIGN_STYLE = Automatic;
				INFOPLIST_FILE = ProtocolBasicApp1/Info.plist;
				LD_RUNPATH_SEARCH_PATHS = (
					"$(inherited)",
					"@executable_path/Frameworks",
				);
				PRODUCT_BUNDLE_IDENTIFIER = app.matsushima.mukku.ProtocolBasicApp1;
				PRODUCT_NAME = "$(TARGET_NAME)";
				SWIFT_VERSION = 5.0;
				TARGETED_DEVICE_FAMILY = 1;
			};
			name = Debug;
		};
		9CBE456E24E7D3B200B8311F /* Release */ = {
			isa = XCBuildConfiguration;
			buildSettings = {
				ASSETCATALOG_COMPILER_APPICON_NAME = AppIcon;
				CODE_SIGN_STYLE = Automatic;
				INFOPLIST_FILE = ProtocolBasicApp1/Info.plist;
				LD_RUNPATH_SEARCH_PATHS = (
					"$(inherited)",
					"@executable_path/Frameworks",
				);
				PRODUCT_BUNDLE_IDENTIFIER = app.matsushima.mukku.ProtocolBasicApp1;
				PRODUCT_NAME = "$(TARGET_NAME)";
				SWIFT_VERSION = 5.0;
				TARGETED_DEVICE_FAMILY = 1;
			};
			name = Release;
		};
		9CBE457024E7D3B200B8311F /* Debug */ = {
			isa = XCBuildConfiguration;
			buildSettings = {
				ALWAYS_EMBED_SWIFT_STANDARD_LIBRARIES = YES;
				BUNDLE_LOADER = "$(TEST_HOST)";
				CODE_SIGN_STYLE = Automatic;
				INFOPLIST_FILE = ProtocolBasicApp1Tests/Info.plist;
				IPHONEOS_DEPLOYMENT_TARGET = 13.6;
				LD_RUNPATH_SEARCH_PATHS = (
					"$(inherited)",
					"@executable_path/Frameworks",
					"@loader_path/Frameworks",
				);
				PRODUCT_BUNDLE_IDENTIFIER = app.matsushima.mukku.ProtocolBasicApp1Tests;
				PRODUCT_NAME = "$(TARGET_NAME)";
				SWIFT_VERSION = 5.0;
				TARGETED_DEVICE_FAMILY = "1,2";
				TEST_HOST = "$(BUILT_PRODUCTS_DIR)/ProtocolBasicApp1.app/ProtocolBasicApp1";
			};
			name = Debug;
		};
		9CBE457124E7D3B200B8311F /* Release */ = {
			isa = XCBuildConfiguration;
			buildSettings = {
				ALWAYS_EMBED_SWIFT_STANDARD_LIBRARIES = YES;
				BUNDLE_LOADER = "$(TEST_HOST)";
				CODE_SIGN_STYLE = Automatic;
				INFOPLIST_FILE = ProtocolBasicApp1Tests/Info.plist;
				IPHONEOS_DEPLOYMENT_TARGET = 13.6;
				LD_RUNPATH_SEARCH_PATHS = (
					"$(inherited)",
					"@executable_path/Frameworks",
					"@loader_path/Frameworks",
				);
				PRODUCT_BUNDLE_IDENTIFIER = app.matsushima.mukku.ProtocolBasicApp1Tests;
				PRODUCT_NAME = "$(TARGET_NAME)";
				SWIFT_VERSION = 5.0;
				TARGETED_DEVICE_FAMILY = "1,2";
				TEST_HOST = "$(BUILT_PRODUCTS_DIR)/ProtocolBasicApp1.app/ProtocolBasicApp1";
			};
			name = Release;
		};
		9CBE457324E7D3B200B8311F /* Debug */ = {
			isa = XCBuildConfiguration;
			buildSettings = {
				ALWAYS_EMBED_SWIFT_STANDARD_LIBRARIES = YES;
				CODE_SIGN_STYLE = Automatic;
				INFOPLIST_FILE = ProtocolBasicApp1UITests/Info.plist;
				LD_RUNPATH_SEARCH_PATHS = (
					"$(inherited)",
					"@executable_path/Frameworks",
					"@loader_path/Frameworks",
				);
				PRODUCT_BUNDLE_IDENTIFIER = app.matsushima.mukku.ProtocolBasicApp1UITests;
				PRODUCT_NAME = "$(TARGET_NAME)";
				SWIFT_VERSION = 5.0;
				TARGETED_DEVICE_FAMILY = "1,2";
				TEST_TARGET_NAME = ProtocolBasicApp1;
			};
			name = Debug;
		};
		9CBE457424E7D3B200B8311F /* Release */ = {
			isa = XCBuildConfiguration;
			buildSettings = {
				ALWAYS_EMBED_SWIFT_STANDARD_LIBRARIES = YES;
				CODE_SIGN_STYLE = Automatic;
				INFOPLIST_FILE = ProtocolBasicApp1UITests/Info.plist;
				LD_RUNPATH_SEARCH_PATHS = (
					"$(inherited)",
					"@executable_path/Frameworks",
					"@loader_path/Frameworks",
				);
				PRODUCT_BUNDLE_IDENTIFIER = app.matsushima.mukku.ProtocolBasicApp1UITests;
				PRODUCT_NAME = "$(TARGET_NAME)";
				SWIFT_VERSION = 5.0;
				TARGETED_DEVICE_FAMILY = "1,2";
				TEST_TARGET_NAME = ProtocolBasicApp1;
			};
			name = Release;
		};
/* End XCBuildConfiguration section */

/* Begin XCConfigurationList section */
		9CBE453D24E7D3AA00B8311F /* Build configuration list for PBXProject "ProtocolBasicApp1" */ = {
			isa = XCConfigurationList;
			buildConfigurations = (
				9CBE456A24E7D3B200B8311F /* Debug */,
				9CBE456B24E7D3B200B8311F /* Release */,
			);
			defaultConfigurationIsVisible = 0;
			defaultConfigurationName = Release;
		};
		9CBE456C24E7D3B200B8311F /* Build configuration list for PBXNativeTarget "ProtocolBasicApp1" */ = {
			isa = XCConfigurationList;
			buildConfigurations = (
				9CBE456D24E7D3B200B8311F /* Debug */,
				9CBE456E24E7D3B200B8311F /* Release */,
			);
			defaultConfigurationIsVisible = 0;
			defaultConfigurationName = Release;
		};
		9CBE456F24E7D3B200B8311F /* Build configuration list for PBXNativeTarget "ProtocolBasicApp1Tests" */ = {
			isa = XCConfigurationList;
			buildConfigurations = (
				9CBE457024E7D3B200B8311F /* Debug */,
				9CBE457124E7D3B200B8311F /* Release */,
			);
			defaultConfigurationIsVisible = 0;
			defaultConfigurationName = Release;
		};
		9CBE457224E7D3B200B8311F /* Build configuration list for PBXNativeTarget "ProtocolBasicApp1UITests" */ = {
			isa = XCConfigurationList;
			buildConfigurations = (
				9CBE457324E7D3B200B8311F /* Debug */,
				9CBE457424E7D3B200B8311F /* Release */,
			);
			defaultConfigurationIsVisible = 0;
			defaultConfigurationName = Release;
		};
/* End XCConfigurationList section */
	};
	rootObject = 9CBE453A24E7D3AA00B8311F /* Project object */;
}
